// !$*UTF8*$!
{
	archiveVersion = 1;
	classes = {
	};
	objectVersion = 50;
	objects = {

/* Begin PBXBuildFile section */
		8D429E6B246E729700B45CD7 /* AppDelegate.swift in Sources */ = {isa = PBXBuildFile; fileRef = 8D429E6A246E729700B45CD7 /* AppDelegate.swift */; };
		8D429E6D246E729700B45CD7 /* SceneDelegate.swift in Sources */ = {isa = PBXBuildFile; fileRef = 8D429E6C246E729700B45CD7 /* SceneDelegate.swift */; };
		8D429E6F246E729700B45CD7 /* ViewController.swift in Sources */ = {isa = PBXBuildFile; fileRef = 8D429E6E246E729700B45CD7 /* ViewController.swift */; };
		8D429E72246E729700B45CD7 /* Main.storyboard in Resources */ = {isa = PBXBuildFile; fileRef = 8D429E70246E729700B45CD7 /* Main.storyboard */; };
		8D429E74246E729A00B45CD7 /* Assets.xcassets in Resources */ = {isa = PBXBuildFile; fileRef = 8D429E73246E729A00B45CD7 /* Assets.xcassets */; };
		8D429E77246E729A00B45CD7 /* LaunchScreen.storyboard in Resources */ = {isa = PBXBuildFile; fileRef = 8D429E75246E729A00B45CD7 /* LaunchScreen.storyboard */; };
		8D450830247271AE008FF761 /* BigTableViewCell.swift in Sources */ = {isa = PBXBuildFile; fileRef = 8D45082F247271AE008FF761 /* BigTableViewCell.swift */; };
		8D4508322472724E008FF761 /* SmallTableViewCell.swift in Sources */ = {isa = PBXBuildFile; fileRef = 8D4508312472724E008FF761 /* SmallTableViewCell.swift */; };
		8D7C44F5246E9D19005C3D8E /* PopupViewController.swift in Sources */ = {isa = PBXBuildFile; fileRef = 8D7C44F4246E9D19005C3D8E /* PopupViewController.swift */; };
		8DEAFCFC248E22A900973000 /* RatingStarView.swift in Sources */ = {isa = PBXBuildFile; fileRef = 8DEAFCFB248E22A900973000 /* RatingStarView.swift */; };
		8DEAFD03248E2B1100973000 /* RatingViewController.swift in Sources */ = {isa = PBXBuildFile; fileRef = 8DEAFD01248E2B1100973000 /* RatingViewController.swift */; };
		8DEAFD04248E2B1100973000 /* RatingViewController.xib in Resources */ = {isa = PBXBuildFile; fileRef = 8DEAFD02248E2B1100973000 /* RatingViewController.xib */; };
		8DEAFD08248E3E5C00973000 /* CollectionViewController.swift in Sources */ = {isa = PBXBuildFile; fileRef = 8DEAFD06248E3E5C00973000 /* CollectionViewController.swift */; };
		8DEAFD09248E3E5C00973000 /* CollectionViewController.xib in Resources */ = {isa = PBXBuildFile; fileRef = 8DEAFD07248E3E5C00973000 /* CollectionViewController.xib */; };
		DEA37F502472E356007F4881 /* PopupTestVC.swift in Sources */ = {isa = PBXBuildFile; fileRef = DEA37F4E2472E356007F4881 /* PopupTestVC.swift */; };
		DEA37F512472E356007F4881 /* PopupTestVC.xib in Resources */ = {isa = PBXBuildFile; fileRef = DEA37F4F2472E356007F4881 /* PopupTestVC.xib */; };
/* End PBXBuildFile section */

/* Begin PBXFileReference section */
		8D429E67246E729700B45CD7 /* LayoutPractice1.app */ = {isa = PBXFileReference; explicitFileType = wrapper.application; includeInIndex = 0; path = LayoutPractice1.app; sourceTree = BUILT_PRODUCTS_DIR; };
		8D429E6A246E729700B45CD7 /* AppDelegate.swift */ = {isa = PBXFileReference; lastKnownFileType = sourcecode.swift; path = AppDelegate.swift; sourceTree = "<group>"; };
		8D429E6C246E729700B45CD7 /* SceneDelegate.swift */ = {isa = PBXFileReference; lastKnownFileType = sourcecode.swift; path = SceneDelegate.swift; sourceTree = "<group>"; };
		8D429E6E246E729700B45CD7 /* ViewController.swift */ = {isa = PBXFileReference; lastKnownFileType = sourcecode.swift; path = ViewController.swift; sourceTree = "<group>"; };
		8D429E71246E729700B45CD7 /* Base */ = {isa = PBXFileReference; lastKnownFileType = file.storyboard; name = Base; path = Base.lproj/Main.storyboard; sourceTree = "<group>"; };
		8D429E73246E729A00B45CD7 /* Assets.xcassets */ = {isa = PBXFileReference; lastKnownFileType = folder.assetcatalog; path = Assets.xcassets; sourceTree = "<group>"; };
		8D429E76246E729A00B45CD7 /* Base */ = {isa = PBXFileReference; lastKnownFileType = file.storyboard; name = Base; path = Base.lproj/LaunchScreen.storyboard; sourceTree = "<group>"; };
		8D429E78246E729A00B45CD7 /* Info.plist */ = {isa = PBXFileReference; lastKnownFileType = text.plist.xml; path = Info.plist; sourceTree = "<group>"; };
		8D45082F247271AE008FF761 /* BigTableViewCell.swift */ = {isa = PBXFileReference; lastKnownFileType = sourcecode.swift; path = BigTableViewCell.swift; sourceTree = "<group>"; };
		8D4508312472724E008FF761 /* SmallTableViewCell.swift */ = {isa = PBXFileReference; lastKnownFileType = sourcecode.swift; path = SmallTableViewCell.swift; sourceTree = "<group>"; };
		8D7C44F4246E9D19005C3D8E /* PopupViewController.swift */ = {isa = PBXFileReference; lastKnownFileType = sourcecode.swift; path = PopupViewController.swift; sourceTree = "<group>"; };
		8DEAFCFB248E22A900973000 /* RatingStarView.swift */ = {isa = PBXFileReference; lastKnownFileType = sourcecode.swift; path = RatingStarView.swift; sourceTree = "<group>"; };
		8DEAFD01248E2B1100973000 /* RatingViewController.swift */ = {isa = PBXFileReference; lastKnownFileType = sourcecode.swift; path = RatingViewController.swift; sourceTree = "<group>"; };
		8DEAFD02248E2B1100973000 /* RatingViewController.xib */ = {isa = PBXFileReference; lastKnownFileType = file.xib; path = RatingViewController.xib; sourceTree = "<group>"; };
		8DEAFD06248E3E5C00973000 /* CollectionViewController.swift */ = {isa = PBXFileReference; lastKnownFileType = sourcecode.swift; path = CollectionViewController.swift; sourceTree = "<group>"; };
		8DEAFD07248E3E5C00973000 /* CollectionViewController.xib */ = {isa = PBXFileReference; lastKnownFileType = file.xib; path = CollectionViewController.xib; sourceTree = "<group>"; };
		DEA37F4E2472E356007F4881 /* PopupTestVC.swift */ = {isa = PBXFileReference; lastKnownFileType = sourcecode.swift; path = PopupTestVC.swift; sourceTree = "<group>"; };
		DEA37F4F2472E356007F4881 /* PopupTestVC.xib */ = {isa = PBXFileReference; lastKnownFileType = file.xib; path = PopupTestVC.xib; sourceTree = "<group>"; };
/* End PBXFileReference section */

/* Begin PBXFrameworksBuildPhase section */
		8D429E64246E729700B45CD7 /* Frameworks */ = {
			isa = PBXFrameworksBuildPhase;
			buildActionMask = 2147483647;
			files = (
			);
			runOnlyForDeploymentPostprocessing = 0;
		};
/* End PBXFrameworksBuildPhase section */

/* Begin PBXGroup section */
		8D429E5E246E729700B45CD7 = {
			isa = PBXGroup;
			children = (
				8D429E69246E729700B45CD7 /* LayoutPractice1 */,
				8D429E68246E729700B45CD7 /* Products */,
			);
			sourceTree = "<group>";
		};
		8D429E68246E729700B45CD7 /* Products */ = {
			isa = PBXGroup;
			children = (
				8D429E67246E729700B45CD7 /* LayoutPractice1.app */,
			);
			name = Products;
			sourceTree = "<group>";
		};
		8D429E69246E729700B45CD7 /* LayoutPractice1 */ = {
			isa = PBXGroup;
			children = (
				8DEAFD05248E3C5600973000 /* CollectionViewPaging */,
				8DEAFCFA248E21DE00973000 /* CustomView */,
				8D429E6A246E729700B45CD7 /* AppDelegate.swift */,
				8D429E6C246E729700B45CD7 /* SceneDelegate.swift */,
				8D45083324727262008FF761 /* Cell */,
				8D429E6E246E729700B45CD7 /* ViewController.swift */,
				8D7C44F4246E9D19005C3D8E /* PopupViewController.swift */,
				8D429E7E246E74A500B45CD7 /* View */,
				8D429E73246E729A00B45CD7 /* Assets.xcassets */,
				8D429E75246E729A00B45CD7 /* LaunchScreen.storyboard */,
				8D429E78246E729A00B45CD7 /* Info.plist */,
				DEA37F4E2472E356007F4881 /* PopupTestVC.swift */,
				DEA37F4F2472E356007F4881 /* PopupTestVC.xib */,
			);
			path = LayoutPractice1;
			sourceTree = "<group>";
		};
		8D429E7E246E74A500B45CD7 /* View */ = {
			isa = PBXGroup;
			children = (
				8D429E70246E729700B45CD7 /* Main.storyboard */,
			);
			path = View;
			sourceTree = "<group>";
		};
		8D45083324727262008FF761 /* Cell */ = {
			isa = PBXGroup;
			children = (
				8D45082F247271AE008FF761 /* BigTableViewCell.swift */,
				8D4508312472724E008FF761 /* SmallTableViewCell.swift */,
			);
			path = Cell;
			sourceTree = "<group>";
		};
		8DEAFCFA248E21DE00973000 /* CustomView */ = {
			isa = PBXGroup;
			children = (
				8DEAFCFB248E22A900973000 /* RatingStarView.swift */,
				8DEAFD01248E2B1100973000 /* RatingViewController.swift */,
				8DEAFD02248E2B1100973000 /* RatingViewController.xib */,
			);
			path = CustomView;
			sourceTree = "<group>";
		};
		8DEAFD05248E3C5600973000 /* CollectionViewPaging */ = {
			isa = PBXGroup;
			children = (
				8DEAFD06248E3E5C00973000 /* CollectionViewController.swift */,
				8DEAFD07248E3E5C00973000 /* CollectionViewController.xib */,
			);
			path = CollectionViewPaging;
			sourceTree = "<group>";
		};
/* End PBXGroup section */

/* Begin PBXNativeTarget section */
		8D429E66246E729700B45CD7 /* LayoutPractice1 */ = {
			isa = PBXNativeTarget;
			buildConfigurationList = 8D429E7B246E729A00B45CD7 /* Build configuration list for PBXNativeTarget "LayoutPractice1" */;
			buildPhases = (
				8D429E63246E729700B45CD7 /* Sources */,
				8D429E64246E729700B45CD7 /* Frameworks */,
				8D429E65246E729700B45CD7 /* Resources */,
			);
			buildRules = (
			);
			dependencies = (
			);
			name = LayoutPractice1;
			productName = LayoutPractice1;
			productReference = 8D429E67246E729700B45CD7 /* LayoutPractice1.app */;
			productType = "com.apple.product-type.application";
		};
/* End PBXNativeTarget section */

/* Begin PBXProject section */
		8D429E5F246E729700B45CD7 /* Project object */ = {
			isa = PBXProject;
			attributes = {
				LastSwiftUpdateCheck = 1140;
				LastUpgradeCheck = 1140;
				ORGANIZATIONNAME = MM;
				TargetAttributes = {
					8D429E66246E729700B45CD7 = {
						CreatedOnToolsVersion = 11.4.1;
					};
				};
			};
			buildConfigurationList = 8D429E62246E729700B45CD7 /* Build configuration list for PBXProject "LayoutPractice1" */;
			compatibilityVersion = "Xcode 9.3";
			developmentRegion = en;
			hasScannedForEncodings = 0;
			knownRegions = (
				en,
				Base,
			);
			mainGroup = 8D429E5E246E729700B45CD7;
			productRefGroup = 8D429E68246E729700B45CD7 /* Products */;
			projectDirPath = "";
			projectRoot = "";
			targets = (
				8D429E66246E729700B45CD7 /* LayoutPractice1 */,
			);
		};
/* End PBXProject section */

/* Begin PBXResourcesBuildPhase section */
		8D429E65246E729700B45CD7 /* Resources */ = {
			isa = PBXResourcesBuildPhase;
			buildActionMask = 2147483647;
			files = (
				8DEAFD09248E3E5C00973000 /* CollectionViewController.xib in Resources */,
				8D429E77246E729A00B45CD7 /* LaunchScreen.storyboard in Resources */,
				DEA37F512472E356007F4881 /* PopupTestVC.xib in Resources */,
				8D429E74246E729A00B45CD7 /* Assets.xcassets in Resources */,
				8D429E72246E729700B45CD7 /* Main.storyboard in Resources */,
				8DEAFD04248E2B1100973000 /* RatingViewController.xib in Resources */,
			);
			runOnlyForDeploymentPostprocessing = 0;
		};
/* End PBXResourcesBuildPhase section */

/* Begin PBXSourcesBuildPhase section */
		8D429E63246E729700B45CD7 /* Sources */ = {
			isa = PBXSourcesBuildPhase;
			buildActionMask = 2147483647;
			files = (
				8D450830247271AE008FF761 /* BigTableViewCell.swift in Sources */,
				8DEAFCFC248E22A900973000 /* RatingStarView.swift in Sources */,
				DEA37F502472E356007F4881 /* PopupTestVC.swift in Sources */,
				8D4508322472724E008FF761 /* SmallTableViewCell.swift in Sources */,
				8DEAFD08248E3E5C00973000 /* CollectionViewController.swift in Sources */,
				8D429E6F246E729700B45CD7 /* ViewController.swift in Sources */,
				8D429E6B246E729700B45CD7 /* AppDelegate.swift in Sources */,
				8DEAFD03248E2B1100973000 /* RatingViewController.swift in Sources */,
				8D429E6D246E729700B45CD7 /* SceneDelegate.swift in Sources */,
				8D7C44F5246E9D19005C3D8E /* PopupViewController.swift in Sources */,
			);
			runOnlyForDeploymentPostprocessing = 0;
		};
/* End PBXSourcesBuildPhase section */

/* Begin PBXVariantGroup section */
		8D429E70246E729700B45CD7 /* Main.storyboard */ = {
			isa = PBXVariantGroup;
			children = (
				8D429E71246E729700B45CD7 /* Base */,
			);
			name = Main.storyboard;
			sourceTree = "<group>";
		};
		8D429E75246E729A00B45CD7 /* LaunchScreen.storyboard */ = {
			isa = PBXVariantGroup;
			children = (
				8D429E76246E729A00B45CD7 /* Base */,
			);
			name = LaunchScreen.storyboard;
			sourceTree = "<group>";
		};
/* End PBXVariantGroup section */

/* Begin XCBuildConfiguration section */
		8D429E79246E729A00B45CD7 /* Debug */ = {
			isa = XCBuildConfiguration;
			buildSettings = {
				ALWAYS_SEARCH_USER_PATHS = NO;
				CLANG_ANALYZER_NONNULL = YES;
				CLANG_ANALYZER_NUMBER_OBJECT_CONVERSION = YES_AGGRESSIVE;
				CLANG_CXX_LANGUAGE_STANDARD = "gnu++14";
				CLANG_CXX_LIBRARY = "libc++";
				CLANG_ENABLE_MODULES = YES;
				CLANG_ENABLE_OBJC_ARC = YES;
				CLANG_ENABLE_OBJC_WEAK = YES;
				CLANG_WARN_BLOCK_CAPTURE_AUTORELEASING = YES;
				CLANG_WARN_BOOL_CONVERSION = YES;
				CLANG_WARN_COMMA = YES;
				CLANG_WARN_CONSTANT_CONVERSION = YES;
				CLANG_WARN_DEPRECATED_OBJC_IMPLEMENTATIONS = YES;
				CLANG_WARN_DIRECT_OBJC_ISA_USAGE = YES_ERROR;
				CLANG_WARN_DOCUMENTATION_COMMENTS = YES;
				CLANG_WARN_EMPTY_BODY = YES;
				CLANG_WARN_ENUM_CONVERSION = YES;
				CLANG_WARN_INFINITE_RECURSION = YES;
				CLANG_WARN_INT_CONVERSION = YES;
				CLANG_WARN_NON_LITERAL_NULL_CONVERSION = YES;
				CLANG_WARN_OBJC_IMPLICIT_RETAIN_SELF = YES;
				CLANG_WARN_OBJC_LITERAL_CONVERSION = YES;
				CLANG_WARN_OBJC_ROOT_CLASS = YES_ERROR;
				CLANG_WARN_RANGE_LOOP_ANALYSIS = YES;
				CLANG_WARN_STRICT_PROTOTYPES = YES;
				CLANG_WARN_SUSPICIOUS_MOVE = YES;
				CLANG_WARN_UNGUARDED_AVAILABILITY = YES_AGGRESSIVE;
				CLANG_WARN_UNREACHABLE_CODE = YES;
				CLANG_WARN__DUPLICATE_METHOD_MATCH = YES;
				COPY_PHASE_STRIP = NO;
				DEBUG_INFORMATION_FORMAT = dwarf;
				ENABLE_STRICT_OBJC_MSGSEND = YES;
				ENABLE_TESTABILITY = YES;
				GCC_C_LANGUAGE_STANDARD = gnu11;
				GCC_DYNAMIC_NO_PIC = NO;
				GCC_NO_COMMON_BLOCKS = YES;
				GCC_OPTIMIZATION_LEVEL = 0;
				GCC_PREPROCESSOR_DEFINITIONS = (
					"DEBUG=1",
					"$(inherited)",
				);
				GCC_WARN_64_TO_32_BIT_CONVERSION = YES;
				GCC_WARN_ABOUT_RETURN_TYPE = YES_ERROR;
				GCC_WARN_UNDECLARED_SELECTOR = YES;
				GCC_WARN_UNINITIALIZED_AUTOS = YES_AGGRESSIVE;
				GCC_WARN_UNUSED_FUNCTION = YES;
				GCC_WARN_UNUSED_VARIABLE = YES;
				IPHONEOS_DEPLOYMENT_TARGET = 13.4;
				MTL_ENABLE_DEBUG_INFO = INCLUDE_SOURCE;
				MTL_FAST_MATH = YES;
				ONLY_ACTIVE_ARCH = YES;
				SDKROOT = iphoneos;
				SWIFT_ACTIVE_COMPILATION_CONDITIONS = DEBUG;
				SWIFT_OPTIMIZATION_LEVEL = "-Onone";
			};
			name = Debug;
		};
		8D429E7A246E729A00B45CD7 /* Release */ = {
			isa = XCBuildConfiguration;
			buildSettings = {
				ALWAYS_SEARCH_USER_PATHS = NO;
				CLANG_ANALYZER_NONNULL = YES;
				CLANG_ANALYZER_NUMBER_OBJECT_CONVERSION = YES_AGGRESSIVE;
				CLANG_CXX_LANGUAGE_STANDARD = "gnu++14";
				CLANG_CXX_LIBRARY = "libc++";
				CLANG_ENABLE_MODULES = YES;
				CLANG_ENABLE_OBJC_ARC = YES;
				CLANG_ENABLE_OBJC_WEAK = YES;
				CLANG_WARN_BLOCK_CAPTURE_AUTORELEASING = YES;
				CLANG_WARN_BOOL_CONVERSION = YES;
				CLANG_WARN_COMMA = YES;
				CLANG_WARN_CONSTANT_CONVERSION = YES;
				CLANG_WARN_DEPRECATED_OBJC_IMPLEMENTATIONS = YES;
				CLANG_WARN_DIRECT_OBJC_ISA_USAGE = YES_ERROR;
				CLANG_WARN_DOCUMENTATION_COMMENTS = YES;
				CLANG_WARN_EMPTY_BODY = YES;
				CLANG_WARN_ENUM_CONVERSION = YES;
				CLANG_WARN_INFINITE_RECURSION = YES;
				CLANG_WARN_INT_CONVERSION = YES;
				CLANG_WARN_NON_LITERAL_NULL_CONVERSION = YES;
				CLANG_WARN_OBJC_IMPLICIT_RETAIN_SELF = YES;
				CLANG_WARN_OBJC_LITERAL_CONVERSION = YES;
				CLANG_WARN_OBJC_ROOT_CLASS = YES_ERROR;
				CLANG_WARN_RANGE_LOOP_ANALYSIS = YES;
				CLANG_WARN_STRICT_PROTOTYPES = YES;
				CLANG_WARN_SUSPICIOUS_MOVE = YES;
				CLANG_WARN_UNGUARDED_AVAILABILITY = YES_AGGRESSIVE;
				CLANG_WARN_UNREACHABLE_CODE = YES;
				CLANG_WARN__DUPLICATE_METHOD_MATCH = YES;
				COPY_PHASE_STRIP = NO;
				DEBUG_INFORMATION_FORMAT = "dwarf-with-dsym";
				ENABLE_NS_ASSERTIONS = NO;
				ENABLE_STRICT_OBJC_MSGSEND = YES;
				GCC_C_LANGUAGE_STANDARD = gnu11;
				GCC_NO_COMMON_BLOCKS = YES;
				GCC_WARN_64_TO_32_BIT_CONVERSION = YES;
				GCC_WARN_ABOUT_RETURN_TYPE = YES_ERROR;
				GCC_WARN_UNDECLARED_SELECTOR = YES;
				GCC_WARN_UNINITIALIZED_AUTOS = YES_AGGRESSIVE;
				GCC_WARN_UNUSED_FUNCTION = YES;
				GCC_WARN_UNUSED_VARIABLE = YES;
				IPHONEOS_DEPLOYMENT_TARGET = 13.4;
				MTL_ENABLE_DEBUG_INFO = NO;
				MTL_FAST_MATH = YES;
				SDKROOT = iphoneos;
				SWIFT_COMPILATION_MODE = wholemodule;
				SWIFT_OPTIMIZATION_LEVEL = "-O";
				VALIDATE_PRODUCT = YES;
			};
			name = Release;
		};
		8D429E7C246E729A00B45CD7 /* Debug */ = {
			isa = XCBuildConfiguration;
			buildSettings = {
				ASSETCATALOG_COMPILER_APPICON_NAME = AppIcon;
				CODE_SIGN_STYLE = Automatic;
				DEVELOPMENT_TEAM = L334R88X2F;
				INFOPLIST_FILE = LayoutPractice1/Info.plist;
				LD_RUNPATH_SEARCH_PATHS = (
					"$(inherited)",
					"@executable_path/Frameworks",
				);
				PRODUCT_BUNDLE_IDENTIFIER = com.nguyenvietmy.LayoutPractice1;
				PRODUCT_NAME = "$(TARGET_NAME)";
				SWIFT_VERSION = 5.0;
				TARGETED_DEVICE_FAMILY = "1,2";
			};
			name = Debug;
		};
		8D429E7D246E729A00B45CD7 /* Release */ = {
			isa = XCBuildConfiguration;
			buildSettings = {
				ASSETCATALOG_COMPILER_APPICON_NAME = AppIcon;
				CODE_SIGN_STYLE = Automatic;
				DEVELOPMENT_TEAM = L334R88X2F;
				INFOPLIST_FILE = LayoutPractice1/Info.plist;
				LD_RUNPATH_SEARCH_PATHS = (
					"$(inherited)",
					"@executable_path/Frameworks",
				);
				PRODUCT_BUNDLE_IDENTIFIER = com.nguyenvietmy.LayoutPractice1;
				PRODUCT_NAME = "$(TARGET_NAME)";
				SWIFT_VERSION = 5.0;
				TARGETED_DEVICE_FAMILY = "1,2";
			};
			name = Release;
		};
/* End XCBuildConfiguration section */

/* Begin XCConfigurationList section */
		8D429E62246E729700B45CD7 /* Build configuration list for PBXProject "LayoutPractice1" */ = {
			isa = XCConfigurationList;
			buildConfigurations = (
				8D429E79246E729A00B45CD7 /* Debug */,
				8D429E7A246E729A00B45CD7 /* Release */,
			);
			defaultConfigurationIsVisible = 0;
			defaultConfigurationName = Release;
		};
		8D429E7B246E729A00B45CD7 /* Build configuration list for PBXNativeTarget "LayoutPractice1" */ = {
			isa = XCConfigurationList;
			buildConfigurations = (
				8D429E7C246E729A00B45CD7 /* Debug */,
				8D429E7D246E729A00B45CD7 /* Release */,
			);
			defaultConfigurationIsVisible = 0;
			defaultConfigurationName = Release;
		};
/* End XCConfigurationList section */
	};
	rootObject = 8D429E5F246E729700B45CD7 /* Project object */;
}
